{
  "name": "Backend",
  "lockfileVersion": 3,
  "requires": true,
  "packages": {
    "": {
      "dependencies": {
        "@hono/zod-openapi": "^0.9.8",
        "@lucia-auth/adapter-prisma": "^4.0.0",
        "@prisma/client": "^5.10.2",
        "hono": "^4.0.10",
        "lucia": "^3.0.1",
        "oslo": "^1.1.3"
      },
      "devDependencies": {
        "@types/bun": "latest",
        "prisma": "^5.10.2"
      }
    },
    "node_modules/@asteasolutions/zod-to-openapi": {
      "version": "5.5.0",
      "resolved": "https://registry.npmjs.org/@asteasolutions/zod-to-openapi/-/zod-to-openapi-5.5.0.tgz",
      "integrity": "sha512-d5HwrvM6dOKr3XdeF+DmashGvfEc+1oiEfbscugsiwSTrFtuMa7ETpW9sTNnVgn+hJaz+PRxPQUYD7q9/5dUig==",
      "dependencies": {
        "openapi3-ts": "^4.1.2"
      },
      "peerDependencies": {
        "zod": "^3.20.2"
      }
    },
    "node_modules/@emnapi/core": {
      "version": "0.45.0",
      "resolved": "https://registry.npmjs.org/@emnapi/core/-/core-0.45.0.tgz",
      "integrity": "sha512-DPWjcUDQkCeEM4VnljEOEcXdAD7pp8zSZsgOujk/LGIwCXWbXJngin+MO4zbH429lzeC3WbYLGjE2MaUOwzpyw==",
      "optional": true,
      "dependencies": {
        "tslib": "^2.4.0"
      }
    },
    "node_modules/@emnapi/runtime": {
      "version": "0.45.0",
      "resolved": "https://registry.npmjs.org/@emnapi/runtime/-/runtime-0.45.0.tgz",
      "integrity": "sha512-Txumi3td7J4A/xTTwlssKieHKTGl3j4A1tglBx72auZ49YK7ePY6XZricgIg9mnZT4xPfA+UPCUdnhRuEFDL+w==",
      "optional": true,
      "dependencies": {
        "tslib": "^2.4.0"
      }
    },
    "node_modules/@hono/zod-openapi": {
      "version": "0.9.8",
      "resolved": "https://registry.npmjs.org/@hono/zod-openapi/-/zod-openapi-0.9.8.tgz",
      "integrity": "sha512-NS6lvQEGnsjyQkp+aQjMARREz3WGf19y0+RiiJMVrihWlmKbGaJkPuOWpfFQG6FU9q+FVUyUCryXK+3J07GPAw==",
      "dependencies": {
        "@asteasolutions/zod-to-openapi": "^5.5.0",
        "@hono/zod-validator": "0.1.11"
      },
      "engines": {
        "node": ">=16.0.0"
      },
      "peerDependencies": {
        "hono": ">=3.11.3",
        "zod": "3.*"
      }
    },
    "node_modules/@hono/zod-validator": {
      "version": "0.1.11",
      "resolved": "https://registry.npmjs.org/@hono/zod-validator/-/zod-validator-0.1.11.tgz",
      "integrity": "sha512-PQXeHUP0+36qpRt8yfeD7N2jbK3ETlGvSN6dMof/HwUC/APRokQRjpXZm4rrlG71Ft0aWE01+Bm4XejqPie5Uw==",
      "peerDependencies": {
        "hono": ">=3.9.0",
        "zod": "^3.19.1"
      }
    },
    "node_modules/@lucia-auth/adapter-prisma": {
      "version": "4.0.0",
      "resolved": "https://registry.npmjs.org/@lucia-auth/adapter-prisma/-/adapter-prisma-4.0.0.tgz",
      "integrity": "sha512-TJg4/U1K1slS4A/OzDYCgmHTrIArntIynue14zGIEaMDu+OD+tGyq9WwQWqOabpx2Gm9xtDsoK+tTokAY3Up7A==",
      "peerDependencies": {
        "@prisma/client": "^4.2.0 || ^5.0.0",
        "lucia": "3.x"
      }
    },
    "node_modules/@napi-rs/wasm-runtime": {
      "version": "0.1.1",
      "resolved": "https://registry.npmjs.org/@napi-rs/wasm-runtime/-/wasm-runtime-0.1.1.tgz",
      "integrity": "sha512-ATj9ua659JgrkICjJscaeZdmPr44cb/KFjNWuD0N6pux0SpzaM7+iOuuK11mAnQM2N9q0DT4REu6NkL8ZEhopw==",
      "optional": true,
      "dependencies": {
        "@emnapi/core": "^0.45.0",
        "@emnapi/runtime": "^0.45.0",
        "@tybys/wasm-util": "^0.8.1"
      }
    },
    "node_modules/@node-rs/argon2": {
      "version": "1.7.0",
      "resolved": "https://registry.npmjs.org/@node-rs/argon2/-/argon2-1.7.0.tgz",
      "integrity": "sha512-zfULc+/tmcWcxn+nHkbyY8vP3+MpEqKORbszt4UkpqZgBgDAAIYvuDN/zukfTgdmo6tmJKKVfzigZOPk4LlIog==",
      "engines": {
        "node": ">= 10"
      },
      "optionalDependencies": {
        "@node-rs/argon2-android-arm-eabi": "1.7.0",
        "@node-rs/argon2-android-arm64": "1.7.0",
        "@node-rs/argon2-darwin-arm64": "1.7.0",
        "@node-rs/argon2-darwin-x64": "1.7.0",
        "@node-rs/argon2-freebsd-x64": "1.7.0",
        "@node-rs/argon2-linux-arm-gnueabihf": "1.7.0",
        "@node-rs/argon2-linux-arm64-gnu": "1.7.0",
        "@node-rs/argon2-linux-arm64-musl": "1.7.0",
        "@node-rs/argon2-linux-x64-gnu": "1.7.0",
        "@node-rs/argon2-linux-x64-musl": "1.7.0",
        "@node-rs/argon2-wasm32-wasi": "1.7.0",
        "@node-rs/argon2-win32-arm64-msvc": "1.7.0",
        "@node-rs/argon2-win32-ia32-msvc": "1.7.0",
        "@node-rs/argon2-win32-x64-msvc": "1.7.0"
      }
    },
    "node_modules/@node-rs/argon2-android-arm-eabi": {
      "version": "1.7.0",
      "resolved": "https://registry.npmjs.org/@node-rs/argon2-android-arm-eabi/-/argon2-android-arm-eabi-1.7.0.tgz",
      "integrity": "sha512-udDqkr5P9E+wYX1SZwAVPdyfYvaF4ry9Tm+R9LkfSHbzWH0uhU6zjIwNRp7m+n4gx691rk+lqqDAIP8RLKwbhg==",
      "cpu": [
        "arm"
      ],
      "optional": true,
      "os": [
        "android"
      ],
      "engines": {
        "node": ">= 10"
      }
    },
    "node_modules/@node-rs/argon2-android-arm64": {
      "version": "1.7.0",
      "resolved": "https://registry.npmjs.org/@node-rs/argon2-android-arm64/-/argon2-android-arm64-1.7.0.tgz",
      "integrity": "sha512-s9j/G30xKUx8WU50WIhF0fIl1EdhBGq0RQ06lEhZ0Gi0ap8lhqbE2Bn5h3/G2D1k0Dx+yjeVVNmt/xOQIRG38A==",
      "cpu": [
        "arm64"
      ],
      "optional": true,
      "os": [
        "android"
      ],
      "engines": {
        "node": ">= 10"
      }
    },
    "node_modules/@node-rs/argon2-darwin-arm64": {
      "version": "1.7.0",
      "resolved": "https://registry.npmjs.org/@node-rs/argon2-darwin-arm64/-/argon2-darwin-arm64-1.7.0.tgz",
      "integrity": "sha512-ZIz4L6HGOB9U1kW23g+m7anGNuTZ0RuTw0vNp3o+2DWpb8u8rODq6A8tH4JRL79S+Co/Nq608m9uackN2pe0Rw==",
      "cpu": [
        "arm64"
      ],
      "optional": true,
      "os": [
        "darwin"
      ],
      "engines": {
        "node": ">= 10"
      }
    },
    "node_modules/@node-rs/argon2-darwin-x64": {
      "version": "1.7.0",
      "resolved": "https://registry.npmjs.org/@node-rs/argon2-darwin-x64/-/argon2-darwin-x64-1.7.0.tgz",
      "integrity": "sha512-5oi/pxqVhODW/pj1+3zElMTn/YukQeywPHHYDbcAW3KsojFjKySfhcJMd1DjKTc+CHQI+4lOxZzSUzK7mI14Hw==",
      "cpu": [
        "x64"
      ],
      "optional": true,
      "os": [
        "darwin"
      ],
      "engines": {
        "node": ">= 10"
      }
    },
    "node_modules/@node-rs/argon2-freebsd-x64": {
      "version": "1.7.0",
      "resolved": "https://registry.npmjs.org/@node-rs/argon2-freebsd-x64/-/argon2-freebsd-x64-1.7.0.tgz",
      "integrity": "sha512-Ify08683hA4QVXYoIm5SUWOY5DPIT/CMB0CQT+IdxQAg/F+qp342+lUkeAtD5bvStQuCx/dFO3bnnzoe2clMhA==",
      "cpu": [
        "x64"
      ],
      "optional": true,
      "os": [
        "freebsd"
      ],
      "engines": {
        "node": ">= 10"
      }
    },
    "node_modules/@node-rs/argon2-linux-arm-gnueabihf": {
      "version": "1.7.0",
      "resolved": "https://registry.npmjs.org/@node-rs/argon2-linux-arm-gnueabihf/-/argon2-linux-arm-gnueabihf-1.7.0.tgz",
      "integrity": "sha512-7DjDZ1h5AUHAtRNjD19RnQatbhL+uuxBASuuXIBu4/w6Dx8n7YPxwTP4MXfsvuRgKuMWiOb/Ub/HJ3kXVCXRkg==",
      "cpu": [
        "arm"
      ],
      "optional": true,
      "os": [
        "linux"
      ],
      "engines": {
        "node": ">= 10"
      }
    },
    "node_modules/@node-rs/argon2-linux-arm64-gnu": {
      "version": "1.7.0",
      "resolved": "https://registry.npmjs.org/@node-rs/argon2-linux-arm64-gnu/-/argon2-linux-arm64-gnu-1.7.0.tgz",
      "integrity": "sha512-nJDoMP4Y3YcqGswE4DvP080w6O24RmnFEDnL0emdI8Nou17kNYBzP2546Nasx9GCyLzRcYQwZOUjrtUuQ+od2g==",
      "cpu": [
        "arm64"
      ],
      "optional": true,
      "os": [
        "linux"
      ],
      "engines": {
        "node": ">= 10"
      }
    },
    "node_modules/@node-rs/argon2-linux-arm64-musl": {
      "version": "1.7.0",
      "resolved": "https://registry.npmjs.org/@node-rs/argon2-linux-arm64-musl/-/argon2-linux-arm64-musl-1.7.0.tgz",
      "integrity": "sha512-BKWS8iVconhE3jrb9mj6t1J9vwUqQPpzCbUKxfTGJfc+kNL58F1SXHBoe2cDYGnHrFEHTY0YochzXoAfm4Dm/A==",
      "cpu": [
        "arm64"
      ],
      "optional": true,
      "os": [
        "linux"
      ],
      "engines": {
        "node": ">= 10"
      }
    },
    "node_modules/@node-rs/argon2-linux-x64-gnu": {
      "version": "1.7.0",
      "resolved": "https://registry.npmjs.org/@node-rs/argon2-linux-x64-gnu/-/argon2-linux-x64-gnu-1.7.0.tgz",
      "integrity": "sha512-EmgqZOlf4Jurk/szW1iTsVISx25bKksVC5uttJDUloTgsAgIGReCpUUO1R24pBhu9ESJa47iv8NSf3yAfGv6jQ==",
      "cpu": [
        "x64"
      ],
      "optional": true,
      "os": [
        "linux"
      ],
      "engines": {
        "node": ">= 10"
      }
    },
    "node_modules/@node-rs/argon2-linux-x64-musl": {
      "version": "1.7.0",
      "resolved": "https://registry.npmjs.org/@node-rs/argon2-linux-x64-musl/-/argon2-linux-x64-musl-1.7.0.tgz",
      "integrity": "sha512-/o1efYCYIxjfuoRYyBTi2Iy+1iFfhqHCvvVsnjNSgO1xWiWrX0Rrt/xXW5Zsl7vS2Y+yu8PL8KFWRzZhaVxfKA==",
      "cpu": [
        "x64"
      ],
      "optional": true,
      "os": [
        "linux"
      ],
      "engines": {
        "node": ">= 10"
      }
    },
    "node_modules/@node-rs/argon2-wasm32-wasi": {
      "version": "1.7.0",
      "resolved": "https://registry.npmjs.org/@node-rs/argon2-wasm32-wasi/-/argon2-wasm32-wasi-1.7.0.tgz",
      "integrity": "sha512-Evmk9VcxqnuwQftfAfYEr6YZYSPLzmKUsbFIMep5nTt9PT4XYRFAERj7wNYp+rOcBenF3X4xoB+LhwcOMTNE5w==",
      "cpu": [
        "wasm32"
      ],
      "optional": true,
      "dependencies": {
        "@emnapi/core": "^0.45.0",
        "@emnapi/runtime": "^0.45.0",
        "@tybys/wasm-util": "^0.8.1",
        "memfs-browser": "^3.4.13000"
      },
      "engines": {
        "node": ">=14.0.0"
      }
    },
    "node_modules/@node-rs/argon2-win32-arm64-msvc": {
      "version": "1.7.0",
      "resolved": "https://registry.npmjs.org/@node-rs/argon2-win32-arm64-msvc/-/argon2-win32-arm64-msvc-1.7.0.tgz",
      "integrity": "sha512-qgsU7T004COWWpSA0tppDqDxbPLgg8FaU09krIJ7FBl71Sz8SFO40h7fDIjfbTT5w7u6mcaINMQ5bSHu75PCaA==",
      "cpu": [
        "arm64"
      ],
      "optional": true,
      "os": [
        "win32"
      ],
      "engines": {
        "node": ">= 10"
      }
    },
    "node_modules/@node-rs/argon2-win32-ia32-msvc": {
      "version": "1.7.0",
      "resolved": "https://registry.npmjs.org/@node-rs/argon2-win32-ia32-msvc/-/argon2-win32-ia32-msvc-1.7.0.tgz",
      "integrity": "sha512-JGafwWYQ/HpZ3XSwP4adQ6W41pRvhcdXvpzIWtKvX+17+xEXAe2nmGWM6s27pVkg1iV2ZtoYLRDkOUoGqZkCcg==",
      "cpu": [
        "ia32"
      ],
      "optional": true,
      "os": [
        "win32"
      ],
      "engines": {
        "node": ">= 10"
      }
    },
    "node_modules/@node-rs/argon2-win32-x64-msvc": {
      "version": "1.7.0",
      "resolved": "https://registry.npmjs.org/@node-rs/argon2-win32-x64-msvc/-/argon2-win32-x64-msvc-1.7.0.tgz",
      "integrity": "sha512-9oq4ShyFakw8AG3mRls0AoCpxBFcimYx7+jvXeAf2OqKNO+mSA6eZ9z7KQeVCi0+SOEUYxMGf5UiGiDb9R6+9Q==",
      "cpu": [
        "x64"
      ],
      "optional": true,
      "os": [
        "win32"
      ],
      "engines": {
        "node": ">= 10"
      }
    },
    "node_modules/@node-rs/bcrypt": {
      "version": "1.9.0",
      "resolved": "https://registry.npmjs.org/@node-rs/bcrypt/-/bcrypt-1.9.0.tgz",
      "integrity": "sha512-u2OlIxW264bFUfvbFqDz9HZKFjwe8FHFtn7T/U8mYjPZ7DWYpbUB+/dkW/QgYfMSfR0ejkyuWaBBe0coW7/7ig==",
      "engines": {
        "node": ">= 10"
      },
      "funding": {
        "type": "github",
        "url": "https://github.com/sponsors/Brooooooklyn"
      },
      "optionalDependencies": {
        "@node-rs/bcrypt-android-arm-eabi": "1.9.0",
        "@node-rs/bcrypt-android-arm64": "1.9.0",
        "@node-rs/bcrypt-darwin-arm64": "1.9.0",
        "@node-rs/bcrypt-darwin-x64": "1.9.0",
        "@node-rs/bcrypt-freebsd-x64": "1.9.0",
        "@node-rs/bcrypt-linux-arm-gnueabihf": "1.9.0",
        "@node-rs/bcrypt-linux-arm64-gnu": "1.9.0",
        "@node-rs/bcrypt-linux-arm64-musl": "1.9.0",
        "@node-rs/bcrypt-linux-x64-gnu": "1.9.0",
        "@node-rs/bcrypt-linux-x64-musl": "1.9.0",
        "@node-rs/bcrypt-wasm32-wasi": "1.9.0",
        "@node-rs/bcrypt-win32-arm64-msvc": "1.9.0",
        "@node-rs/bcrypt-win32-ia32-msvc": "1.9.0",
        "@node-rs/bcrypt-win32-x64-msvc": "1.9.0"
      }
    },
    "node_modules/@node-rs/bcrypt-android-arm-eabi": {
      "version": "1.9.0",
      "resolved": "https://registry.npmjs.org/@node-rs/bcrypt-android-arm-eabi/-/bcrypt-android-arm-eabi-1.9.0.tgz",
      "integrity": "sha512-nOCFISGtnodGHNiLrG0WYLWr81qQzZKYfmwHc7muUeq+KY0sQXyHOwZk9OuNQAWv/lnntmtbwkwT0QNEmOyLvA==",
      "cpu": [
        "arm"
      ],
      "optional": true,
      "os": [
        "android"
      ],
      "engines": {
        "node": ">= 10"
      }
    },
    "node_modules/@node-rs/bcrypt-android-arm64": {
      "version": "1.9.0",
      "resolved": "https://registry.npmjs.org/@node-rs/bcrypt-android-arm64/-/bcrypt-android-arm64-1.9.0.tgz",
      "integrity": "sha512-+ZrIAtigVmjYkqZQTThHVlz0+TG6D+GDHWhVKvR2DifjtqJ0i+mb9gjo++hN+fWEQdWNGxKCiBBjwgT4EcXd6A==",
      "cpu": [
        "arm64"
      ],
      "optional": true,
      "os": [
        "android"
      ],
      "engines": {
        "node": ">= 10"
      }
    },
    "node_modules/@node-rs/bcrypt-darwin-arm64": {
      "version": "1.9.0",
      "resolved": "https://registry.npmjs.org/@node-rs/bcrypt-darwin-arm64/-/bcrypt-darwin-arm64-1.9.0.tgz",
      "integrity": "sha512-CQiS+F9Pa0XozvkXR1g7uXE9QvBOPOplDg0iCCPRYTN9PqA5qYxhwe48G3o+v2UeQceNRrbnEtWuANm7JRqIhw==",
      "cpu": [
        "arm64"
      ],
      "optional": true,
      "os": [
        "darwin"
      ],
      "engines": {
        "node": ">= 10"
      }
    },
    "node_modules/@node-rs/bcrypt-darwin-x64": {
      "version": "1.9.0",
      "resolved": "https://registry.npmjs.org/@node-rs/bcrypt-darwin-x64/-/bcrypt-darwin-x64-1.9.0.tgz",
      "integrity": "sha512-4pTKGawYd7sNEjdJ7R/R67uwQH1VvwPZ0SSUMmeNHbxD5QlwAPXdDH11q22uzVXsvNFZ6nGQBg8No5OUGpx6Ug==",
      "cpu": [
        "x64"
      ],
      "optional": true,
      "os": [
        "darwin"
      ],
      "engines": {
        "node": ">= 10"
      }
    },
    "node_modules/@node-rs/bcrypt-freebsd-x64": {
      "version": "1.9.0",
      "resolved": "https://registry.npmjs.org/@node-rs/bcrypt-freebsd-x64/-/bcrypt-freebsd-x64-1.9.0.tgz",
      "integrity": "sha512-UmWzySX4BJhT/B8xmTru6iFif3h0Rpx3TqxRLCcbgmH43r7k5/9QuhpiyzpvKGpKHJCFNm4F3rC2wghvw5FCIg==",
      "cpu": [
        "x64"
      ],
      "optional": true,
      "os": [
        "freebsd"
      ],
      "engines": {
        "node": ">= 10"
      }
    },
    "node_modules/@node-rs/bcrypt-linux-arm-gnueabihf": {
      "version": "1.9.0",
      "resolved": "https://registry.npmjs.org/@node-rs/bcrypt-linux-arm-gnueabihf/-/bcrypt-linux-arm-gnueabihf-1.9.0.tgz",
      "integrity": "sha512-8qoX4PgBND2cVwsbajoAWo3NwdfJPEXgpCsZQZURz42oMjbGyhhSYbovBCskGU3EBLoC8RA2B1jFWooeYVn5BA==",
      "cpu": [
        "arm"
      ],
      "optional": true,
      "os": [
        "linux"
      ],
      "engines": {
        "node": ">= 10"
      }
    },
    "node_modules/@node-rs/bcrypt-linux-arm64-gnu": {
      "version": "1.9.0",
      "resolved": "https://registry.npmjs.org/@node-rs/bcrypt-linux-arm64-gnu/-/bcrypt-linux-arm64-gnu-1.9.0.tgz",
      "integrity": "sha512-TuAC6kx0SbcIA4mSEWPi+OCcDjTQUMl213v5gMNlttF+D4ieIZx6pPDGTaMO6M2PDHTeCG0CBzZl0Lu+9b0c7Q==",
      "cpu": [
        "arm64"
      ],
      "optional": true,
      "os": [
        "linux"
      ],
      "engines": {
        "node": ">= 10"
      }
    },
    "node_modules/@node-rs/bcrypt-linux-arm64-musl": {
      "version": "1.9.0",
      "resolved": "https://registry.npmjs.org/@node-rs/bcrypt-linux-arm64-musl/-/bcrypt-linux-arm64-musl-1.9.0.tgz",
      "integrity": "sha512-/sIvKDABOI8QOEnLD7hIj02BVaNOuCIWBKvxcJOt8+TuwJ6zmY1UI5kSv9d99WbiHjTp97wtAUbZQwauU4b9ew==",
      "cpu": [
        "arm64"
      ],
      "optional": true,
      "os": [
        "linux"
      ],
      "engines": {
        "node": ">= 10"
      }
    },
    "node_modules/@node-rs/bcrypt-linux-x64-gnu": {
      "version": "1.9.0",
      "resolved": "https://registry.npmjs.org/@node-rs/bcrypt-linux-x64-gnu/-/bcrypt-linux-x64-gnu-1.9.0.tgz",
      "integrity": "sha512-DyyhDHDsLBsCKz1tZ1hLvUZSc1DK0FU0v52jK6IBQxrj24WscSU9zZe7ie/V9kdmA4Ep57BfpWX8Dsa2JxGdgQ==",
      "cpu": [
        "x64"
      ],
      "optional": true,
      "os": [
        "linux"
      ],
      "engines": {
        "node": ">= 10"
      }
    },
    "node_modules/@node-rs/bcrypt-linux-x64-musl": {
      "version": "1.9.0",
      "resolved": "https://registry.npmjs.org/@node-rs/bcrypt-linux-x64-musl/-/bcrypt-linux-x64-musl-1.9.0.tgz",
      "integrity": "sha512-duIiuqQ+Lew8ASSAYm6ZRqcmfBGWwsi81XLUwz86a2HR7Qv6V4yc3ZAUQovAikhjCsIqe8C11JlAZSK6+PlXYg==",
      "cpu": [
        "x64"
      ],
      "optional": true,
      "os": [
        "linux"
      ],
      "engines": {
        "node": ">= 10"
      }
    },
    "node_modules/@node-rs/bcrypt-wasm32-wasi": {
      "version": "1.9.0",
      "resolved": "https://registry.npmjs.org/@node-rs/bcrypt-wasm32-wasi/-/bcrypt-wasm32-wasi-1.9.0.tgz",
      "integrity": "sha512-ylaGmn9Wjwv/D5lxtawttx3H6Uu2WTTR7lWlRHGT6Ga/MB1Vj4OjSGUW8G8zIVnKuXpGbZ92pgHlt4HUpSLctw==",
      "cpu": [
        "wasm32"
      ],
      "optional": true,
      "dependencies": {
        "@emnapi/core": "^0.45.0",
        "@emnapi/runtime": "^0.45.0",
        "@tybys/wasm-util": "^0.8.1",
        "memfs-browser": "^3.4.13000"
      },
      "engines": {
        "node": ">=14.0.0"
      }
    },
    "node_modules/@node-rs/bcrypt-win32-arm64-msvc": {
      "version": "1.9.0",
      "resolved": "https://registry.npmjs.org/@node-rs/bcrypt-win32-arm64-msvc/-/bcrypt-win32-arm64-msvc-1.9.0.tgz",
      "integrity": "sha512-2h86gF7QFyEzODuDFml/Dp1MSJoZjxJ4yyT2Erf4NkwsiA5MqowUhUsorRwZhX6+2CtlGa7orbwi13AKMsYndw==",
      "cpu": [
        "arm64"
      ],
      "optional": true,
      "os": [
        "win32"
      ],
      "engines": {
        "node": ">= 10"
      }
    },
    "node_modules/@node-rs/bcrypt-win32-ia32-msvc": {
      "version": "1.9.0",
      "resolved": "https://registry.npmjs.org/@node-rs/bcrypt-win32-ia32-msvc/-/bcrypt-win32-ia32-msvc-1.9.0.tgz",
      "integrity": "sha512-kqxalCvhs4FkN0+gWWfa4Bdy2NQAkfiqq/CEf6mNXC13RSV673Ev9V8sRlQyNpCHCNkeXfOT9pgoBdJmMs9muA==",
      "cpu": [
        "ia32"
      ],
      "optional": true,
      "os": [
        "win32"
      ],
      "engines": {
        "node": ">= 10"
      }
    },
    "node_modules/@node-rs/bcrypt-win32-x64-msvc": {
      "version": "1.9.0",
      "resolved": "https://registry.npmjs.org/@node-rs/bcrypt-win32-x64-msvc/-/bcrypt-win32-x64-msvc-1.9.0.tgz",
      "integrity": "sha512-2y0Tuo6ZAT2Cz8V7DHulSlv1Bip3zbzeXyeur+uR25IRNYXKvI/P99Zl85Fbuu/zzYAZRLLlGTRe6/9IHofe/w==",
      "cpu": [
        "x64"
      ],
      "optional": true,
      "os": [
        "win32"
      ],
      "engines": {
        "node": ">= 10"
      }
    },
    "node_modules/@prisma/client": {
      "version": "5.10.2",
      "hasInstallScript": true,
      "license": "Apache-2.0",
      "engines": {
        "node": ">=16.13"
      },
      "peerDependencies": {
        "prisma": "*"
      },
      "peerDependenciesMeta": {
        "prisma": {
          "optional": true
        }
      }
    },
    "node_modules/@prisma/debug": {
      "version": "5.10.2",
      "devOptional": true,
      "license": "Apache-2.0"
    },
    "node_modules/@prisma/engines": {
      "version": "5.10.2",
      "devOptional": true,
      "hasInstallScript": true,
      "license": "Apache-2.0",
      "dependencies": {
        "@prisma/debug": "5.10.2",
        "@prisma/engines-version": "5.10.0-34.5a9203d0590c951969e85a7d07215503f4672eb9",
        "@prisma/fetch-engine": "5.10.2",
        "@prisma/get-platform": "5.10.2"
      }
    },
    "node_modules/@prisma/engines-version": {
      "version": "5.10.0-34.5a9203d0590c951969e85a7d07215503f4672eb9",
      "devOptional": true,
      "license": "Apache-2.0"
    },
    "node_modules/@prisma/fetch-engine": {
      "version": "5.10.2",
      "devOptional": true,
      "license": "Apache-2.0",
      "dependencies": {
        "@prisma/debug": "5.10.2",
        "@prisma/engines-version": "5.10.0-34.5a9203d0590c951969e85a7d07215503f4672eb9",
        "@prisma/get-platform": "5.10.2"
      }
    },
    "node_modules/@prisma/get-platform": {
      "version": "5.10.2",
      "devOptional": true,
      "license": "Apache-2.0",
      "dependencies": {
        "@prisma/debug": "5.10.2"
      }
    },
    "node_modules/@tybys/wasm-util": {
      "version": "0.8.1",
      "resolved": "https://registry.npmjs.org/@tybys/wasm-util/-/wasm-util-0.8.1.tgz",
      "integrity": "sha512-GSsTwyBl4pIzsxAY5wroZdyQKyhXk0d8PCRZtrSZ2WEB1cBdrp2EgGBwHOGCZtIIPun/DL3+AykCv+J6fyRH4Q==",
      "optional": true,
      "dependencies": {
        "tslib": "^2.4.0"
      }
    },
    "node_modules/@types/bun": {
      "version": "1.0.8",
      "resolved": "https://registry.npmjs.org/@types/bun/-/bun-1.0.8.tgz",
      "integrity": "sha512-E6UWZuN4ymAxzUBWVIGDHJ3Zey7I8cMzDZ+cB1BqhZsmd1uPb9iAQzpWMruY1mKzsuD3R+dZPoBkZz8QL1KhSA==",
      "dev": true,
      "dependencies": {
        "bun-types": "1.0.29"
      }
    },
    "node_modules/@types/node": {
      "version": "20.11.25",
      "dev": true,
      "license": "MIT",
      "dependencies": {
        "undici-types": "~5.26.4"
      }
    },
    "node_modules/@types/ws": {
      "version": "8.5.10",
      "dev": true,
      "license": "MIT",
      "dependencies": {
        "@types/node": "*"
      }
    },
    "node_modules/bun-types": {
      "version": "1.0.29",
      "dev": true,
      "license": "MIT",
      "dependencies": {
        "@types/node": "~20.11.3",
        "@types/ws": "~8.5.10"
      }
    },
    "node_modules/fs-monkey": {
      "version": "1.0.5",
      "resolved": "https://registry.npmjs.org/fs-monkey/-/fs-monkey-1.0.5.tgz",
      "integrity": "sha512-8uMbBjrhzW76TYgEV27Y5E//W2f/lTFmx78P2w19FZSxarhI/798APGQyuGCwmkNxgwGRhrLfvWyLBvNtuOmew==",
      "optional": true
    },
    "node_modules/hono": {
      "version": "4.0.10",
      "resolved": "https://registry.npmjs.org/hono/-/hono-4.0.10.tgz",
      "integrity": "sha512-sq0RFAC3Ij+bkhZu90EGAQnVI1EhohRsjo9BU+BjXLbC71GSy41JjsFqCeg8MRpO2Gdu0A4MXF5licO89tn/rw==",
      "engines": {
        "node": ">=16.0.0"
      }
    },
    "node_modules/lucia": {
      "version": "3.0.1",
      "resolved": "https://registry.npmjs.org/lucia/-/lucia-3.0.1.tgz",
      "integrity": "sha512-srwUkTCGgr6N4mFpaKZVZy5kwiRZdsrbIDv9Wrjar+xyw1MjojYQQ7oRbegjRWOZ3yI8xOOclK3sz/rga2J7/w==",
      "dependencies": {
        "oslo": "1.0.1"
      }
    },
    "node_modules/lucia/node_modules/@node-rs/argon2": {
      "version": "1.7.2",
      "resolved": "https://registry.npmjs.org/@node-rs/argon2/-/argon2-1.7.2.tgz",
      "integrity": "sha512-+H6pc3M1vIX9YnG59YW7prHhhpv19P8YyxlXHnnFzTimf2q+kKDF7mGWbhvN9STqIY+P70Patn0Q6qb6Ib5/4g==",
      "engines": {
        "node": ">= 10"
      },
      "optionalDependencies": {
        "@node-rs/argon2-android-arm-eabi": "1.7.2",
        "@node-rs/argon2-android-arm64": "1.7.2",
        "@node-rs/argon2-darwin-arm64": "1.7.2",
        "@node-rs/argon2-darwin-x64": "1.7.2",
        "@node-rs/argon2-freebsd-x64": "1.7.2",
        "@node-rs/argon2-linux-arm-gnueabihf": "1.7.2",
        "@node-rs/argon2-linux-arm64-gnu": "1.7.2",
        "@node-rs/argon2-linux-arm64-musl": "1.7.2",
        "@node-rs/argon2-linux-x64-gnu": "1.7.2",
        "@node-rs/argon2-linux-x64-musl": "1.7.2",
        "@node-rs/argon2-wasm32-wasi": "1.7.2",
        "@node-rs/argon2-win32-arm64-msvc": "1.7.2",
        "@node-rs/argon2-win32-ia32-msvc": "1.7.2",
        "@node-rs/argon2-win32-x64-msvc": "1.7.2"
      }
    },
    "node_modules/lucia/node_modules/@node-rs/argon2-android-arm-eabi": {
      "version": "1.7.2",
      "resolved": "https://registry.npmjs.org/@node-rs/argon2-android-arm-eabi/-/argon2-android-arm-eabi-1.7.2.tgz",
      "integrity": "sha512-WhW84XOzdR4AOGc4BJvIg5lCRVBL0pXp/PPCe8QCyWw493p7VdNCdYpr2xdtjS/0zImmY85HNB/6zpzjLRTT/A==",
      "cpu": [
        "arm"
      ],
      "optional": true,
      "os": [
        "android"
      ],
      "engines": {
        "node": ">= 10"
      }
    },
    "node_modules/lucia/node_modules/@node-rs/argon2-android-arm64": {
      "version": "1.7.2",
      "resolved": "https://registry.npmjs.org/@node-rs/argon2-android-arm64/-/argon2-android-arm64-1.7.2.tgz",
      "integrity": "sha512-CdtayHSMIyDuVhSYFirwA757c4foQuyTjpysgFJLHweP9C7uDiBf9WBYij+UyabpaCadJ0wPyK6Vakinvlk4/g==",
      "cpu": [
        "arm64"
      ],
      "optional": true,
      "os": [
        "android"
      ],
      "engines": {
        "node": ">= 10"
      }
    },
    "node_modules/lucia/node_modules/@node-rs/argon2-darwin-arm64": {
      "version": "1.7.2",
      "resolved": "https://registry.npmjs.org/@node-rs/argon2-darwin-arm64/-/argon2-darwin-arm64-1.7.2.tgz",
      "integrity": "sha512-hUOhtgYHTEyzX5sgMZVdXunONOus2HWpWydF5D/RYJ1mZ76FXRnFpQE40DqbzisdPIraKdn40m7JqkPP7wqdyg==",
      "cpu": [
        "arm64"
      ],
      "optional": true,
      "os": [
        "darwin"
      ],
      "engines": {
        "node": ">= 10"
      }
    },
    "node_modules/lucia/node_modules/@node-rs/argon2-darwin-x64": {
      "version": "1.7.2",
      "resolved": "https://registry.npmjs.org/@node-rs/argon2-darwin-x64/-/argon2-darwin-x64-1.7.2.tgz",
      "integrity": "sha512-lfs5HX+t542yUfcv6Aa/NeGD1nUCwyQNgnPEGcik71Ow6V13hkR1bHgmT1u3CHN4fBts0gW+DQEDsq1xlVgkvw==",
      "cpu": [
        "x64"
      ],
      "optional": true,
      "os": [
        "darwin"
      ],
      "engines": {
        "node": ">= 10"
      }
    },
    "node_modules/lucia/node_modules/@node-rs/argon2-freebsd-x64": {
      "version": "1.7.2",
      "resolved": "https://registry.npmjs.org/@node-rs/argon2-freebsd-x64/-/argon2-freebsd-x64-1.7.2.tgz",
      "integrity": "sha512-ROoF+4VaCBJUjddrTN1hjuqSl89ppRcjVXJscSPJjWzTlbzFmGGovJvIzUBmCr/Oq3yM1zKHj6MP9oRD5cB+/g==",
      "cpu": [
        "x64"
      ],
      "optional": true,
      "os": [
        "freebsd"
      ],
      "engines": {
        "node": ">= 10"
      }
    },
    "node_modules/lucia/node_modules/@node-rs/argon2-linux-arm-gnueabihf": {
      "version": "1.7.2",
      "resolved": "https://registry.npmjs.org/@node-rs/argon2-linux-arm-gnueabihf/-/argon2-linux-arm-gnueabihf-1.7.2.tgz",
      "integrity": "sha512-CBSB8KPI8LS74Bcz3dYaa2/khULutz4vSDvFWUERlSLX+mPdDhoZi6UPuUPPF9e01w8AbiK1YCqlLUTm3tIMfw==",
      "cpu": [
        "arm"
      ],
      "optional": true,
      "os": [
        "linux"
      ],
      "engines": {
        "node": ">= 10"
      }
    },
    "node_modules/lucia/node_modules/@node-rs/argon2-linux-arm64-gnu": {
      "version": "1.7.2",
      "resolved": "https://registry.npmjs.org/@node-rs/argon2-linux-arm64-gnu/-/argon2-linux-arm64-gnu-1.7.2.tgz",
      "integrity": "sha512-6LBTug6ZiWFakP3X3Nqs7ZTM03gmcSWX4YvEn20HhhQE5NDrsrw3zNqGj0cJiNzKKIMSDDuj7uGy+ITEfNo4CA==",
      "cpu": [
        "arm64"
      ],
      "optional": true,
      "os": [
        "linux"
      ],
      "engines": {
        "node": ">= 10"
      }
    },
    "node_modules/lucia/node_modules/@node-rs/argon2-linux-arm64-musl": {
      "version": "1.7.2",
      "resolved": "https://registry.npmjs.org/@node-rs/argon2-linux-arm64-musl/-/argon2-linux-arm64-musl-1.7.2.tgz",
      "integrity": "sha512-KjhQ+ZPne29t9VRVeIif7JdKwQba+tM6CBNYBoJB1iON0CUKeqSQtZcHuTj9gkf2SNRG5bsU4ABcfxd0OKsKHg==",
      "cpu": [
        "arm64"
      ],
      "optional": true,
      "os": [
        "linux"
      ],
      "engines": {
        "node": ">= 10"
      }
    },
    "node_modules/lucia/node_modules/@node-rs/argon2-linux-x64-gnu": {
      "version": "1.7.2",
      "resolved": "https://registry.npmjs.org/@node-rs/argon2-linux-x64-gnu/-/argon2-linux-x64-gnu-1.7.2.tgz",
      "integrity": "sha512-BQvp+iLtKqomHz4q5t1aKoni9osgvUDU5sZtHAlFm5dRTlGHnympcQVATRE5GHyH9C6MIM9W7P1kqEeCLGPolQ==",
      "cpu": [
        "x64"
      ],
      "optional": true,
      "os": [
        "linux"
      ],
      "engines": {
        "node": ">= 10"
      }
    },
    "node_modules/lucia/node_modules/@node-rs/argon2-linux-x64-musl": {
      "version": "1.7.2",
      "resolved": "https://registry.npmjs.org/@node-rs/argon2-linux-x64-musl/-/argon2-linux-x64-musl-1.7.2.tgz",
      "integrity": "sha512-yXJudpBZQ98g+lWaHn9EzZ5KsAyqRdlpub/K+5NP7gHehb8wzBRIFAejIHAG0fvzQEEc86VOnV2koWIVZxWAvw==",
      "cpu": [
        "x64"
      ],
      "optional": true,
      "os": [
        "linux"
      ],
      "engines": {
        "node": ">= 10"
      }
    },
    "node_modules/lucia/node_modules/@node-rs/argon2-wasm32-wasi": {
      "version": "1.7.2",
      "resolved": "https://registry.npmjs.org/@node-rs/argon2-wasm32-wasi/-/argon2-wasm32-wasi-1.7.2.tgz",
      "integrity": "sha512-diXlVjJZY2GIV8ZDwUqXPhacXsFR0klGSv5D9f+XidwWXK4udtzDhkM/7N/Mb7h1HAWaxZ6IN9spYFjvWH1wqg==",
      "cpu": [
        "wasm32"
      ],
      "optional": true,
      "dependencies": {
        "@napi-rs/wasm-runtime": "^0.1.1"
      },
      "engines": {
        "node": ">=14.0.0"
      }
    },
    "node_modules/lucia/node_modules/@node-rs/argon2-win32-arm64-msvc": {
      "version": "1.7.2",
      "resolved": "https://registry.npmjs.org/@node-rs/argon2-win32-arm64-msvc/-/argon2-win32-arm64-msvc-1.7.2.tgz",
      "integrity": "sha512-dhIBrY04P9nbmwzBpgERQDmmSu4YBZyeEE32t4TikMz5rQ07iaVC+JpGmtCBZoDIsLDHGC8cikENd3YEqpqIcA==",
      "cpu": [
        "arm64"
      ],
      "optional": true,
      "os": [
        "win32"
      ],
      "engines": {
        "node": ">= 10"
      }
    },
    "node_modules/lucia/node_modules/@node-rs/argon2-win32-ia32-msvc": {
      "version": "1.7.2",
      "resolved": "https://registry.npmjs.org/@node-rs/argon2-win32-ia32-msvc/-/argon2-win32-ia32-msvc-1.7.2.tgz",
      "integrity": "sha512-o1tfqr8gyALCzuxBoQfvhxkeYMaw/0H8Gmt7klTYyEIBvEFu7SD5qytXO9Px7t5420nZL/Wy5cflg3IB1s57Pg==",
      "cpu": [
        "ia32"
      ],
      "optional": true,
      "os": [
        "win32"
      ],
      "engines": {
        "node": ">= 10"
      }
    },
    "node_modules/lucia/node_modules/@node-rs/argon2-win32-x64-msvc": {
      "version": "1.7.2",
      "resolved": "https://registry.npmjs.org/@node-rs/argon2-win32-x64-msvc/-/argon2-win32-x64-msvc-1.7.2.tgz",
      "integrity": "sha512-v0h53XUc7hNgWiWi0qcMcHvj9/kwuItI9NwLK4C+gtzT3UB0cedhfIL8HFMKThMXasy41ZdbpCF2Bi0kJoLNEg==",
      "cpu": [
        "x64"
      ],
      "optional": true,
      "os": [
        "win32"
      ],
      "engines": {
        "node": ">= 10"
      }
    },
    "node_modules/lucia/node_modules/@node-rs/bcrypt": {
      "version": "1.9.2",
      "resolved": "https://registry.npmjs.org/@node-rs/bcrypt/-/bcrypt-1.9.2.tgz",
      "integrity": "sha512-FKUo9iCSIti+ldwoOlY1ztyIFhZxEgT7jZ/UCt/9bg1rLmNdbQQD2JKIMImDCqmTWuLPY4ZF4Q5MyOMIfDCd8Q==",
      "engines": {
        "node": ">= 10"
      },
      "funding": {
        "type": "github",
        "url": "https://github.com/sponsors/Brooooooklyn"
      },
      "optionalDependencies": {
        "@node-rs/bcrypt-android-arm-eabi": "1.9.2",
        "@node-rs/bcrypt-android-arm64": "1.9.2",
        "@node-rs/bcrypt-darwin-arm64": "1.9.2",
        "@node-rs/bcrypt-darwin-x64": "1.9.2",
        "@node-rs/bcrypt-freebsd-x64": "1.9.2",
        "@node-rs/bcrypt-linux-arm-gnueabihf": "1.9.2",
        "@node-rs/bcrypt-linux-arm64-gnu": "1.9.2",
        "@node-rs/bcrypt-linux-arm64-musl": "1.9.2",
        "@node-rs/bcrypt-linux-x64-gnu": "1.9.2",
        "@node-rs/bcrypt-linux-x64-musl": "1.9.2",
        "@node-rs/bcrypt-wasm32-wasi": "1.9.2",
        "@node-rs/bcrypt-win32-arm64-msvc": "1.9.2",
        "@node-rs/bcrypt-win32-ia32-msvc": "1.9.2",
        "@node-rs/bcrypt-win32-x64-msvc": "1.9.2"
      }
    },
    "node_modules/lucia/node_modules/@node-rs/bcrypt-android-arm-eabi": {
      "version": "1.9.2",
      "resolved": "https://registry.npmjs.org/@node-rs/bcrypt-android-arm-eabi/-/bcrypt-android-arm-eabi-1.9.2.tgz",
      "integrity": "sha512-er/Q2khwpan9pczvTTqY/DJE4UU65u31xd0NkZlHUTKyB7djRhWfzoGexGx2GN+k831/RR3U8kKE/8QUHeO3hQ==",
      "cpu": [
        "arm"
      ],
      "optional": true,
      "os": [
        "android"
      ],
      "engines": {
        "node": ">= 10"
      }
    },
    "node_modules/lucia/node_modules/@node-rs/bcrypt-android-arm64": {
      "version": "1.9.2",
      "resolved": "https://registry.npmjs.org/@node-rs/bcrypt-android-arm64/-/bcrypt-android-arm64-1.9.2.tgz",
      "integrity": "sha512-OUYatOEG5vbLbF73q2TC8UqrDO81zUQxnaFD/OAB1hcm6J+ur0zJ8E53c35/DIqkTp7JarPMraC4rouJ2ugN4w==",
      "cpu": [
        "arm64"
      ],
      "optional": true,
      "os": [
        "android"
      ],
      "engines": {
        "node": ">= 10"
      }
    },
    "node_modules/lucia/node_modules/@node-rs/bcrypt-darwin-arm64": {
      "version": "1.9.2",
      "resolved": "https://registry.npmjs.org/@node-rs/bcrypt-darwin-arm64/-/bcrypt-darwin-arm64-1.9.2.tgz",
      "integrity": "sha512-svJKsGbzMAxOB5oluOYneN4YkKUy26WSMgm3KOIhgoX30IeMilj+2jFN/5qrI0oDZ0Iczb3XyL5DuZFtEkdP8A==",
      "cpu": [
        "arm64"
      ],
      "optional": true,
      "os": [
        "darwin"
      ],
      "engines": {
        "node": ">= 10"
      }
    },
    "node_modules/lucia/node_modules/@node-rs/bcrypt-darwin-x64": {
      "version": "1.9.2",
      "resolved": "https://registry.npmjs.org/@node-rs/bcrypt-darwin-x64/-/bcrypt-darwin-x64-1.9.2.tgz",
      "integrity": "sha512-9OrySjBi/rWix8NZWD/TrNbNcwMY0pAiMHdL09aJnJ07uPih83GGh1pq4UHCYFCMy7iTX8swOmDlGBUImkOZbg==",
      "cpu": [
        "x64"
      ],
      "optional": true,
      "os": [
        "darwin"
      ],
      "engines": {
        "node": ">= 10"
      }
    },
    "node_modules/lucia/node_modules/@node-rs/bcrypt-freebsd-x64": {
      "version": "1.9.2",
      "resolved": "https://registry.npmjs.org/@node-rs/bcrypt-freebsd-x64/-/bcrypt-freebsd-x64-1.9.2.tgz",
      "integrity": "sha512-/djXV71RO6g5L1mI2pVvmp3x3pH7G4uKI3ODG1JBIXoz334oOcCMh40sB0uq0ljP8WEadker01p4T1rJE98fpg==",
      "cpu": [
        "x64"
      ],
      "optional": true,
      "os": [
        "freebsd"
      ],
      "engines": {
        "node": ">= 10"
      }
    },
    "node_modules/lucia/node_modules/@node-rs/bcrypt-linux-arm-gnueabihf": {
      "version": "1.9.2",
      "resolved": "https://registry.npmjs.org/@node-rs/bcrypt-linux-arm-gnueabihf/-/bcrypt-linux-arm-gnueabihf-1.9.2.tgz",
      "integrity": "sha512-F7wP950OTAooxEleUN4I2hqryGZK7hi1cSgRF13Wvbc597RFux35KiSxIXUA3mNt2DE7lV2PeceEtCOScaThWQ==",
      "cpu": [
        "arm"
      ],
      "optional": true,
      "os": [
        "linux"
      ],
      "engines": {
        "node": ">= 10"
      }
    },
    "node_modules/lucia/node_modules/@node-rs/bcrypt-linux-arm64-gnu": {
      "version": "1.9.2",
      "resolved": "https://registry.npmjs.org/@node-rs/bcrypt-linux-arm64-gnu/-/bcrypt-linux-arm64-gnu-1.9.2.tgz",
      "integrity": "sha512-MehG+yQ0TgKMgKR1rO4hdvHkVsTM91Cof8qI9EJlS5+7+QSwfFA5O0zGwCkISD7bsyauJ5uJgcByGjpEobAHOg==",
      "cpu": [
        "arm64"
      ],
      "optional": true,
      "os": [
        "linux"
      ],
      "engines": {
        "node": ">= 10"
      }
    },
    "node_modules/lucia/node_modules/@node-rs/bcrypt-linux-arm64-musl": {
      "version": "1.9.2",
      "resolved": "https://registry.npmjs.org/@node-rs/bcrypt-linux-arm64-musl/-/bcrypt-linux-arm64-musl-1.9.2.tgz",
      "integrity": "sha512-PRZTAJjOwKEGsIhmBvfNh81So+wGl4QyCFAt23j+KwBujLStjC0N3YaqtTlWVKG9tcriPtmMYiAQtXWIyIgg/w==",
      "cpu": [
        "arm64"
      ],
      "optional": true,
      "os": [
        "linux"
      ],
      "engines": {
        "node": ">= 10"
      }
    },
    "node_modules/lucia/node_modules/@node-rs/bcrypt-linux-x64-gnu": {
      "version": "1.9.2",
      "resolved": "https://registry.npmjs.org/@node-rs/bcrypt-linux-x64-gnu/-/bcrypt-linux-x64-gnu-1.9.2.tgz",
      "integrity": "sha512-5WfGO+O1m7nJ55WZ8XDq+ItA98Z4O7sNWsR+1nIj9YGT+Tx5zkQ2RBhpK6oCWZMluuZ0eKQ0FDmyP6K+2NDRIA==",
      "cpu": [
        "x64"
      ],
      "optional": true,
      "os": [
        "linux"
      ],
      "engines": {
        "node": ">= 10"
      }
    },
    "node_modules/lucia/node_modules/@node-rs/bcrypt-linux-x64-musl": {
      "version": "1.9.2",
      "resolved": "https://registry.npmjs.org/@node-rs/bcrypt-linux-x64-musl/-/bcrypt-linux-x64-musl-1.9.2.tgz",
      "integrity": "sha512-VjCn0388p6PMCVUYHgYmHZrKNc7WwNJRr2WLJsHbQRGDOKbpNL6YolCjQxUchcSPDhzwrq1cIdy4j0fpoXEsdw==",
      "cpu": [
        "x64"
      ],
      "optional": true,
      "os": [
        "linux"
      ],
      "engines": {
        "node": ">= 10"
      }
    },
    "node_modules/lucia/node_modules/@node-rs/bcrypt-wasm32-wasi": {
      "version": "1.9.2",
      "resolved": "https://registry.npmjs.org/@node-rs/bcrypt-wasm32-wasi/-/bcrypt-wasm32-wasi-1.9.2.tgz",
      "integrity": "sha512-P06aHfMzm9makwU+nM7WA65yQnS1xuqJ8l/6I/LvXjnl+lfB3DtJ2B0CSLtjnUGpUgcHbWl5gEbNnTPxSAirjQ==",
      "cpu": [
        "wasm32"
      ],
      "optional": true,
      "dependencies": {
        "@napi-rs/wasm-runtime": "^0.1.1"
      },
      "engines": {
        "node": ">=14.0.0"
      }
    },
    "node_modules/lucia/node_modules/@node-rs/bcrypt-win32-arm64-msvc": {
      "version": "1.9.2",
      "resolved": "https://registry.npmjs.org/@node-rs/bcrypt-win32-arm64-msvc/-/bcrypt-win32-arm64-msvc-1.9.2.tgz",
      "integrity": "sha512-Iyo/Q5/eNw27VRd3mLBgh1b9b5fnT3QHTVwxv3Siv/MRAIfJXH/cTOe18qSwYQzNh0ZioW4yemFPYCWSZi7szA==",
      "cpu": [
        "arm64"
      ],
      "optional": true,
      "os": [
        "win32"
      ],
      "engines": {
        "node": ">= 10"
      }
    },
    "node_modules/lucia/node_modules/@node-rs/bcrypt-win32-ia32-msvc": {
      "version": "1.9.2",
      "resolved": "https://registry.npmjs.org/@node-rs/bcrypt-win32-ia32-msvc/-/bcrypt-win32-ia32-msvc-1.9.2.tgz",
      "integrity": "sha512-6LHWMaPylyyHoS5863YpxAACVB8DWCxro5W6pQ4h8WKSgHpJp8Um9jphTdN0A2w45HZjUnfcFuiFFC+TbftjCw==",
      "cpu": [
        "ia32"
      ],
      "optional": true,
      "os": [
        "win32"
      ],
      "engines": {
        "node": ">= 10"
      }
    },
    "node_modules/lucia/node_modules/@node-rs/bcrypt-win32-x64-msvc": {
      "version": "1.9.2",
      "resolved": "https://registry.npmjs.org/@node-rs/bcrypt-win32-x64-msvc/-/bcrypt-win32-x64-msvc-1.9.2.tgz",
      "integrity": "sha512-vZ9T1MOaYkLO9FTyl28YX0SYJneiYTKNFgM8PUv8nas8xrD+7OzokA0fEtlNp6413T7IKSD/iG9qi8nTWsiyGg==",
      "cpu": [
        "x64"
      ],
      "optional": true,
      "os": [
        "win32"
      ],
      "engines": {
        "node": ">= 10"
      }
    },
    "node_modules/lucia/node_modules/oslo": {
      "version": "1.0.1",
      "resolved": "https://registry.npmjs.org/oslo/-/oslo-1.0.1.tgz",
      "integrity": "sha512-esfzZry+HfGgK/GCYkg7BRlLd3RH5aHa08wgLJPYjENXybi0BvXxGk0LbUj+lXfz2TkjPDHe4rB/o6JxRLHxBg==",
      "dependencies": {
        "@node-rs/argon2": "1.7.2",
        "@node-rs/bcrypt": "1.9.2"
      }
    },
    "node_modules/memfs": {
      "version": "3.5.3",
      "resolved": "https://registry.npmjs.org/memfs/-/memfs-3.5.3.tgz",
      "integrity": "sha512-UERzLsxzllchadvbPs5aolHh65ISpKpM+ccLbOJ8/vvpBKmAWf+la7dXFy7Mr0ySHbdHrFv5kGFCUHHe6GFEmw==",
      "optional": true,
      "dependencies": {
        "fs-monkey": "^1.0.4"
      },
      "engines": {
        "node": ">= 4.0.0"
      }
    },
    "node_modules/memfs-browser": {
      "version": "3.5.10302",
      "resolved": "https://registry.npmjs.org/memfs-browser/-/memfs-browser-3.5.10302.tgz",
      "integrity": "sha512-JJTc/nh3ig05O0gBBGZjTCPOyydaTxNF0uHYBrcc1gHNnO+KIHIvo0Y1FKCJsaei6FCl8C6xfQomXqu+cuzkIw==",
      "optional": true,
      "dependencies": {
        "memfs": "3.5.3"
      }
    },
    "node_modules/openapi3-ts": {
      "version": "4.2.2",
      "resolved": "https://registry.npmjs.org/openapi3-ts/-/openapi3-ts-4.2.2.tgz",
      "integrity": "sha512-+9g4actZKeb3czfi9gVQ4Br2Ju3KwhCAQJBNaKgye5KggqcBLIhFHH+nIkcm0BUX00TrAJl6dH4JWgM4G4JWrw==",
      "dependencies": {
        "yaml": "^2.3.4"
      }
    },
    "node_modules/oslo": {
      "version": "1.1.3",
      "resolved": "https://registry.npmjs.org/oslo/-/oslo-1.1.3.tgz",
      "integrity": "sha512-hCz528UlNTiegplcyBg6AvG0HLNrnq06EJMp88Ze308GX1hszkb8u3puhNC4aqLMbYQ0hXpl+wQGnwxMtt5+5w==",
      "dependencies": {
        "@node-rs/argon2": "1.7.0",
        "@node-rs/bcrypt": "1.9.0"
      }
    },
    "node_modules/prisma": {
      "version": "5.10.2",
      "devOptional": true,
      "hasInstallScript": true,
      "license": "Apache-2.0",
      "dependencies": {
        "@prisma/engines": "5.10.2"
      },
      "bin": {
        "prisma": "build/index.js"
      },
      "engines": {
        "node": ">=16.13"
      }
    },
    "node_modules/tslib": {
      "version": "2.4.1",
      "resolved": "https://registry.npmjs.org/tslib/-/tslib-2.4.1.tgz",
      "integrity": "sha512-tGyy4dAjRIEwI7BzsB0lynWgOpfqjUdq91XXAlIWD2OwKBH7oCl/GZG/HT4BOHrTlPMOASlMQ7veyTqpmRcrNA==",
      "optional": true
    },
    "node_modules/undici-types": {
      "version": "5.26.5",
      "dev": true,
      "license": "MIT"
    },
    "node_modules/yaml": {
      "version": "2.4.1",
      "resolved": "https://registry.npmjs.org/yaml/-/yaml-2.4.1.tgz",
      "integrity": "sha512-pIXzoImaqmfOrL7teGUBt/T7ZDnyeGBWyXQBvOVhLkWLN37GXv8NMLK406UY6dS51JfcQHsmcW5cJ441bHg6Lg==",
      "bin": {
        "yaml": "bin.mjs"
      },
      "engines": {
        "node": ">= 14"
      }
    },
    "node_modules/zod": {
      "version": "3.22.4",
      "resolved": "https://registry.npmjs.org/zod/-/zod-3.22.4.tgz",
      "integrity": "sha512-iC+8Io04lddc+mVqQ9AZ7OQ2MrUKGN+oIQyq1vemgt46jwCwLfhq7/pwnBnNXXXZb8VTVLKwp9EDkx+ryxIWmg==",
      "peer": true,
      "funding": {
        "url": "https://github.com/sponsors/colinhacks"
      }
    }
  }
}
